// !$*UTF8*$!
{
	archiveVersion = 1;
	classes = {
	};
	objectVersion = 50;
	objects = {

/* Begin PBXBuildFile section */
		DA00DA06235247B60016838B /* AppDelegate.swift in Sources */ = {isa = PBXBuildFile; fileRef = DA00DA05235247B60016838B /* AppDelegate.swift */; };
		DA00DA08235247B60016838B /* SceneDelegate.swift in Sources */ = {isa = PBXBuildFile; fileRef = DA00DA07235247B60016838B /* SceneDelegate.swift */; };
		DA00DA0A235247B60016838B /* ViewController.swift in Sources */ = {isa = PBXBuildFile; fileRef = DA00DA09235247B60016838B /* ViewController.swift */; };
		DA00DA0D235247B60016838B /* Main.storyboard in Resources */ = {isa = PBXBuildFile; fileRef = DA00DA0B235247B60016838B /* Main.storyboard */; };
		DA00DA0F235247B70016838B /* Assets.xcassets in Resources */ = {isa = PBXBuildFile; fileRef = DA00DA0E235247B70016838B /* Assets.xcassets */; };
		DA00DA12235247B70016838B /* LaunchScreen.storyboard in Resources */ = {isa = PBXBuildFile; fileRef = DA00DA10235247B70016838B /* LaunchScreen.storyboard */; };
		DA00DA28235247B70016838B /* WeatherAppUITests.swift in Sources */ = {isa = PBXBuildFile; fileRef = DA00DA27235247B70016838B /* WeatherAppUITests.swift */; };
		DA00DA3A235272440016838B /* Observable.swift in Sources */ = {isa = PBXBuildFile; fileRef = DA00DA39235272440016838B /* Observable.swift */; };
		DA00DA3D235272840016838B /* ObservableTests.swift in Sources */ = {isa = PBXBuildFile; fileRef = DA00DA3C235272840016838B /* ObservableTests.swift */; };
		DA00DA60235294200016838B /* ForecastServiceTests.swift in Sources */ = {isa = PBXBuildFile; fileRef = DA00DA5F235294200016838B /* ForecastServiceTests.swift */; };
		DA00DA62235295530016838B /* NetworkInterfaces.swift in Sources */ = {isa = PBXBuildFile; fileRef = DA00DA61235295530016838B /* NetworkInterfaces.swift */; };
		DA00DA64235296C20016838B /* Endpoint.swift in Sources */ = {isa = PBXBuildFile; fileRef = DA00DA63235296C20016838B /* Endpoint.swift */; };
		DA00DA69235299FF0016838B /* Network.swift in Sources */ = {isa = PBXBuildFile; fileRef = DA00DA68235299FF0016838B /* Network.swift */; };
		DA00DA6B23529B430016838B /* NetworkConfiguration.swift in Sources */ = {isa = PBXBuildFile; fileRef = DA00DA6A23529B430016838B /* NetworkConfiguration.swift */; };
		DA00DA6D2352A4EB0016838B /* NetworkService.swift in Sources */ = {isa = PBXBuildFile; fileRef = DA00DA6C2352A4EB0016838B /* NetworkService.swift */; };
		DAA91417235333EF00752E08 /* Logger.swift in Sources */ = {isa = PBXBuildFile; fileRef = DAA91416235333EF00752E08 /* Logger.swift */; };
		DAA914192353426500752E08 /* NetworkTests.swift in Sources */ = {isa = PBXBuildFile; fileRef = DAA914182353426500752E08 /* NetworkTests.swift */; };
		DAA9141C23534A9900752E08 /* Network+Alamofire.swift in Sources */ = {isa = PBXBuildFile; fileRef = DAA9141B23534A9900752E08 /* Network+Alamofire.swift */; };
/* End PBXBuildFile section */

/* Begin PBXContainerItemProxy section */
		DA00DA19235247B70016838B /* PBXContainerItemProxy */ = {
			isa = PBXContainerItemProxy;
			containerPortal = DA00D9FA235247B60016838B /* Project object */;
			proxyType = 1;
			remoteGlobalIDString = DA00DA01235247B60016838B;
			remoteInfo = WeatherApp;
		};
		DA00DA24235247B70016838B /* PBXContainerItemProxy */ = {
			isa = PBXContainerItemProxy;
			containerPortal = DA00D9FA235247B60016838B /* Project object */;
			proxyType = 1;
			remoteGlobalIDString = DA00DA01235247B60016838B;
			remoteInfo = WeatherApp;
		};
/* End PBXContainerItemProxy section */

/* Begin PBXFileReference section */
		DA00DA02235247B60016838B /* WeatherApp.app */ = {isa = PBXFileReference; explicitFileType = wrapper.application; includeInIndex = 0; path = WeatherApp.app; sourceTree = BUILT_PRODUCTS_DIR; };
		DA00DA05235247B60016838B /* AppDelegate.swift */ = {isa = PBXFileReference; lastKnownFileType = sourcecode.swift; path = AppDelegate.swift; sourceTree = "<group>"; };
		DA00DA07235247B60016838B /* SceneDelegate.swift */ = {isa = PBXFileReference; lastKnownFileType = sourcecode.swift; path = SceneDelegate.swift; sourceTree = "<group>"; };
		DA00DA09235247B60016838B /* ViewController.swift */ = {isa = PBXFileReference; lastKnownFileType = sourcecode.swift; path = ViewController.swift; sourceTree = "<group>"; };
		DA00DA0C235247B60016838B /* Base */ = {isa = PBXFileReference; lastKnownFileType = file.storyboard; name = Base; path = Base.lproj/Main.storyboard; sourceTree = "<group>"; };
		DA00DA0E235247B70016838B /* Assets.xcassets */ = {isa = PBXFileReference; lastKnownFileType = folder.assetcatalog; path = Assets.xcassets; sourceTree = "<group>"; };
		DA00DA11235247B70016838B /* Base */ = {isa = PBXFileReference; lastKnownFileType = file.storyboard; name = Base; path = Base.lproj/LaunchScreen.storyboard; sourceTree = "<group>"; };
		DA00DA13235247B70016838B /* Info.plist */ = {isa = PBXFileReference; lastKnownFileType = text.plist.xml; path = Info.plist; sourceTree = "<group>"; };
		DA00DA18235247B70016838B /* WeatherAppTests.xctest */ = {isa = PBXFileReference; explicitFileType = wrapper.cfbundle; includeInIndex = 0; path = WeatherAppTests.xctest; sourceTree = BUILT_PRODUCTS_DIR; };
		DA00DA1C235247B70016838B /* WeatherAppTests.swift */ = {isa = PBXFileReference; lastKnownFileType = sourcecode.swift; path = WeatherAppTests.swift; sourceTree = "<group>"; };
		DA00DA1E235247B70016838B /* Info.plist */ = {isa = PBXFileReference; lastKnownFileType = text.plist.xml; path = Info.plist; sourceTree = "<group>"; };
		DA00DA23235247B70016838B /* WeatherAppUITests.xctest */ = {isa = PBXFileReference; explicitFileType = wrapper.cfbundle; includeInIndex = 0; path = WeatherAppUITests.xctest; sourceTree = BUILT_PRODUCTS_DIR; };
		DA00DA27235247B70016838B /* WeatherAppUITests.swift */ = {isa = PBXFileReference; lastKnownFileType = sourcecode.swift; path = WeatherAppUITests.swift; sourceTree = "<group>"; };
		DA00DA29235247B70016838B /* Info.plist */ = {isa = PBXFileReference; lastKnownFileType = text.plist.xml; path = Info.plist; sourceTree = "<group>"; };
		DA00DA39235272440016838B /* Observable.swift */ = {isa = PBXFileReference; lastKnownFileType = sourcecode.swift; path = Observable.swift; sourceTree = "<group>"; };
		DA00DA3C235272840016838B /* ObservableTests.swift */ = {isa = PBXFileReference; lastKnownFileType = sourcecode.swift; path = ObservableTests.swift; sourceTree = "<group>"; };
		DA00DA5F235294200016838B /* ForecastServiceTests.swift */ = {isa = PBXFileReference; lastKnownFileType = sourcecode.swift; path = ForecastServiceTests.swift; sourceTree = "<group>"; };
		DA00DA61235295530016838B /* NetworkInterfaces.swift */ = {isa = PBXFileReference; lastKnownFileType = sourcecode.swift; path = NetworkInterfaces.swift; sourceTree = "<group>"; };
		DA00DA63235296C20016838B /* Endpoint.swift */ = {isa = PBXFileReference; lastKnownFileType = sourcecode.swift; path = Endpoint.swift; sourceTree = "<group>"; };
		DA00DA68235299FF0016838B /* Network.swift */ = {isa = PBXFileReference; lastKnownFileType = sourcecode.swift; path = Network.swift; sourceTree = "<group>"; };
		DA00DA6A23529B430016838B /* NetworkConfiguration.swift */ = {isa = PBXFileReference; lastKnownFileType = sourcecode.swift; path = NetworkConfiguration.swift; sourceTree = "<group>"; };
		DA00DA6C2352A4EB0016838B /* NetworkService.swift */ = {isa = PBXFileReference; lastKnownFileType = sourcecode.swift; path = NetworkService.swift; sourceTree = "<group>"; };
		DAA91416235333EF00752E08 /* Logger.swift */ = {isa = PBXFileReference; lastKnownFileType = sourcecode.swift; path = Logger.swift; sourceTree = "<group>"; };
		DAA914182353426500752E08 /* NetworkTests.swift */ = {isa = PBXFileReference; lastKnownFileType = sourcecode.swift; path = NetworkTests.swift; sourceTree = "<group>"; };
		DAA9141B23534A9900752E08 /* Network+Alamofire.swift */ = {isa = PBXFileReference; lastKnownFileType = sourcecode.swift; path = "Network+Alamofire.swift"; sourceTree = "<group>"; };
/* End PBXFileReference section */

/* Begin PBXFrameworksBuildPhase section */
		DA00D9FF235247B60016838B /* Frameworks */ = {
			isa = PBXFrameworksBuildPhase;
			buildActionMask = 2147483647;
			files = (
			);
			runOnlyForDeploymentPostprocessing = 0;
		};
		DA00DA15235247B70016838B /* Frameworks */ = {
			isa = PBXFrameworksBuildPhase;
			buildActionMask = 2147483647;
			files = (
			);
			runOnlyForDeploymentPostprocessing = 0;
		};
		DA00DA20235247B70016838B /* Frameworks */ = {
			isa = PBXFrameworksBuildPhase;
			buildActionMask = 2147483647;
			files = (
			);
			runOnlyForDeploymentPostprocessing = 0;
		};
/* End PBXFrameworksBuildPhase section */

/* Begin PBXGroup section */
		DA00D9F9235247B60016838B = {
			isa = PBXGroup;
			children = (
				DA00DA04235247B60016838B /* WeatherApp */,
				DA00DA1B235247B70016838B /* WeatherAppTests */,
				DA00DA26235247B70016838B /* WeatherAppUITests */,
				DA00DA03235247B60016838B /* Products */,
			);
			sourceTree = "<group>";
		};
		DA00DA03235247B60016838B /* Products */ = {
			isa = PBXGroup;
			children = (
				DA00DA02235247B60016838B /* WeatherApp.app */,
				DA00DA18235247B70016838B /* WeatherAppTests.xctest */,
				DA00DA23235247B70016838B /* WeatherAppUITests.xctest */,
			);
			name = Products;
			sourceTree = "<group>";
		};
		DA00DA04235247B60016838B /* WeatherApp */ = {
			isa = PBXGroup;
			children = (
				DA00DA35235271610016838B /* Application */,
				DA00DA4523527D9F0016838B /* Domain */,
				DA00DA54235285260016838B /* Data */,
				DA00DA4623527DAC0016838B /* Infrastructure */,
				DA00DA37235272270016838B /* Core */,
				DA00DA36235271F40016838B /* Resources */,
				DA00DA09235247B60016838B /* ViewController.swift */,
				DA00DA0B235247B60016838B /* Main.storyboard */,
			);
			path = WeatherApp;
			sourceTree = "<group>";
		};
		DA00DA1B235247B70016838B /* WeatherAppTests */ = {
			isa = PBXGroup;
			children = (
				DA00DA5D235292910016838B /* Infrastructure */,
				DA00DA41235278AA0016838B /* Scenes */,
				DA00DA3B235272760016838B /* Core */,
				DA00DA1C235247B70016838B /* WeatherAppTests.swift */,
				DA00DA1E235247B70016838B /* Info.plist */,
			);
			path = WeatherAppTests;
			sourceTree = "<group>";
		};
		DA00DA26235247B70016838B /* WeatherAppUITests */ = {
			isa = PBXGroup;
			children = (
				DA00DA27235247B70016838B /* WeatherAppUITests.swift */,
				DA00DA29235247B70016838B /* Info.plist */,
			);
			path = WeatherAppUITests;
			sourceTree = "<group>";
		};
		DA00DA35235271610016838B /* Application */ = {
			isa = PBXGroup;
			children = (
				DA00DA05235247B60016838B /* AppDelegate.swift */,
				DA00DA07235247B60016838B /* SceneDelegate.swift */,
				DA00DA3F235278200016838B /* Scenes */,
			);
			path = Application;
			sourceTree = "<group>";
		};
		DA00DA36235271F40016838B /* Resources */ = {
			isa = PBXGroup;
			children = (
				DA00DA0E235247B70016838B /* Assets.xcassets */,
				DA00DA10235247B70016838B /* LaunchScreen.storyboard */,
				DA00DA13235247B70016838B /* Info.plist */,
			);
			path = Resources;
			sourceTree = "<group>";
		};
		DA00DA37235272270016838B /* Core */ = {
			isa = PBXGroup;
			children = (
				DA00DA4723527DD50016838B /* Common */,
				DA00DA382352722D0016838B /* Utils */,
			);
			path = Core;
			sourceTree = "<group>";
		};
		DA00DA382352722D0016838B /* Utils */ = {
			isa = PBXGroup;
			children = (
				DA00DA39235272440016838B /* Observable.swift */,
				DAA91416235333EF00752E08 /* Logger.swift */,
			);
			path = Utils;
			sourceTree = "<group>";
		};
		DA00DA3B235272760016838B /* Core */ = {
			isa = PBXGroup;
			children = (
				DA00DA3C235272840016838B /* ObservableTests.swift */,
			);
			path = Core;
			sourceTree = "<group>";
		};
		DA00DA3F235278200016838B /* Scenes */ = {
			isa = PBXGroup;
			children = (
				DA00DA4823527DF80016838B /* Protocols */,
				DA00DA40235278290016838B /* ForecastsScene */,
			);
			path = Scenes;
			sourceTree = "<group>";
		};
		DA00DA40235278290016838B /* ForecastsScene */ = {
			isa = PBXGroup;
			children = (
				DA00DA4D23527E700016838B /* List */,
			);
			path = ForecastsScene;
			sourceTree = "<group>";
		};
		DA00DA41235278AA0016838B /* Scenes */ = {
			isa = PBXGroup;
			children = (
				DA00DA42235278B70016838B /* ForecastsScene */,
			);
			path = Scenes;
			sourceTree = "<group>";
		};
		DA00DA42235278B70016838B /* ForecastsScene */ = {
			isa = PBXGroup;
			children = (
			);
			path = ForecastsScene;
			sourceTree = "<group>";
		};
		DA00DA4523527D9F0016838B /* Domain */ = {
			isa = PBXGroup;
			children = (
				DA00DA53235284DC0016838B /* Entities */,
				DA00DA522352841C0016838B /* UseCases */,
			);
			path = Domain;
			sourceTree = "<group>";
		};
		DA00DA4623527DAC0016838B /* Infrastructure */ = {
			isa = PBXGroup;
			children = (
				DA00DA54235285260016838B /* Data */,
				DA00DA592352921D0016838B /* Repositories */,
				DA00DA5B2352923E0016838B /* Network */,
				DA00DA5C235292470016838B /* Storage */,
				DA00DA5723528F100016838B /* json.swift */,
			);
			path = Infrastructure;
			sourceTree = "<group>";
		};
		DA00DA4723527DD50016838B /* Common */ = {
			isa = PBXGroup;
			children = (
			);
			path = Common;
			sourceTree = "<group>";
		};
		DA00DA4823527DF80016838B /* Protocols */ = {
			isa = PBXGroup;
			children = (
			);
			path = Protocols;
			sourceTree = "<group>";
		};
		DA00DA4D23527E700016838B /* List */ = {
			isa = PBXGroup;
			children = (
				DA00DA51235282D90016838B /* ViewModel */,
			);
			path = List;
			sourceTree = "<group>";
		};
		DA00DA51235282D90016838B /* ViewModel */ = {
			isa = PBXGroup;
			children = (
			);
			path = ViewModel;
			sourceTree = "<group>";
		};
		DA00DA522352841C0016838B /* UseCases */ = {
			isa = PBXGroup;
			children = (
			);
			path = UseCases;
			sourceTree = "<group>";
		};
		DA00DA53235284DC0016838B /* Entities */ = {
			isa = PBXGroup;
			children = (
			);
			path = Entities;
			sourceTree = "<group>";
		};
		DA00DA54235285260016838B /* Data */ = {
			isa = PBXGroup;
			children = (
				DAA9141A23534A8800752E08 /* Network */,
			);
			path = Data;
			sourceTree = "<group>";
		};
		DA00DA592352921D0016838B /* Repositories */ = {
			isa = PBXGroup;
			children = (
			);
			path = Repositories;
			sourceTree = "<group>";
		};
		DA00DA5B2352923E0016838B /* Network */ = {
			isa = PBXGroup;
			children = (
				DA00DA61235295530016838B /* NetworkInterfaces.swift */,
				DA00DA6A23529B430016838B /* NetworkConfiguration.swift */,
				DA00DA63235296C20016838B /* Endpoint.swift */,
				DA00DA68235299FF0016838B /* Network.swift */,
				DA00DA6C2352A4EB0016838B /* NetworkService.swift */,
			);
			path = Network;
			sourceTree = "<group>";
		};
		DA00DA5C235292470016838B /* Storage */ = {
			isa = PBXGroup;
			children = (
			);
			path = Storage;
			sourceTree = "<group>";
		};
		DA00DA5D235292910016838B /* Infrastructure */ = {
			isa = PBXGroup;
			children = (
				DA00DA5E235292E00016838B /* Network */,
			);
			path = Infrastructure;
			sourceTree = "<group>";
		};
		DA00DA5E235292E00016838B /* Network */ = {
			isa = PBXGroup;
			children = (
				DAA914182353426500752E08 /* NetworkTests.swift */,
				DA00DA5F235294200016838B /* ForecastServiceTests.swift */,
			);
			path = Network;
			sourceTree = "<group>";
		};
		DAA9141A23534A8800752E08 /* Network */ = {
			isa = PBXGroup;
			children = (
				DAA9141B23534A9900752E08 /* Network+Alamofire.swift */,
			);
			path = Network;
			sourceTree = "<group>";
		};
/* End PBXGroup section */

/* Begin PBXNativeTarget section */
		DA00DA01235247B60016838B /* WeatherApp */ = {
			isa = PBXNativeTarget;
			buildConfigurationList = DA00DA2C235247B70016838B /* Build configuration list for PBXNativeTarget "WeatherApp" */;
			buildPhases = (
				DA00D9FE235247B60016838B /* Sources */,
				DA00D9FF235247B60016838B /* Frameworks */,
				DA00DA00235247B60016838B /* Resources */,
			);
			buildRules = (
			);
			dependencies = (
			);
			name = WeatherApp;
			productName = WeatherApp;
			productReference = DA00DA02235247B60016838B /* WeatherApp.app */;
			productType = "com.apple.product-type.application";
		};
		DA00DA17235247B70016838B /* WeatherAppTests */ = {
			isa = PBXNativeTarget;
			buildConfigurationList = DA00DA2F235247B70016838B /* Build configuration list for PBXNativeTarget "WeatherAppTests" */;
			buildPhases = (
				DA00DA14235247B70016838B /* Sources */,
				DA00DA15235247B70016838B /* Frameworks */,
				DA00DA16235247B70016838B /* Resources */,
			);
			buildRules = (
			);
			dependencies = (
				DA00DA1A235247B70016838B /* PBXTargetDependency */,
			);
			name = WeatherAppTests;
			productName = WeatherAppTests;
			productReference = DA00DA18235247B70016838B /* WeatherAppTests.xctest */;
			productType = "com.apple.product-type.bundle.unit-test";
		};
		DA00DA22235247B70016838B /* WeatherAppUITests */ = {
			isa = PBXNativeTarget;
			buildConfigurationList = DA00DA32235247B70016838B /* Build configuration list for PBXNativeTarget "WeatherAppUITests" */;
			buildPhases = (
				DA00DA1F235247B70016838B /* Sources */,
				DA00DA20235247B70016838B /* Frameworks */,
				DA00DA21235247B70016838B /* Resources */,
			);
			buildRules = (
			);
			dependencies = (
				DA00DA25235247B70016838B /* PBXTargetDependency */,
			);
			name = WeatherAppUITests;
			productName = WeatherAppUITests;
			productReference = DA00DA23235247B70016838B /* WeatherAppUITests.xctest */;
			productType = "com.apple.product-type.bundle.ui-testing";
		};
/* End PBXNativeTarget section */

/* Begin PBXProject section */
		DA00D9FA235247B60016838B /* Project object */ = {
			isa = PBXProject;
			attributes = {
				LastSwiftUpdateCheck = 1110;
				LastUpgradeCheck = 1110;
				ORGANIZATIONNAME = "Ro42e0 Company";
				TargetAttributes = {
					DA00DA01235247B60016838B = {
						CreatedOnToolsVersion = 11.1;
					};
					DA00DA17235247B70016838B = {
						CreatedOnToolsVersion = 11.1;
					};
					DA00DA22235247B70016838B = {
						CreatedOnToolsVersion = 11.1;
						TestTargetID = DA00DA01235247B60016838B;
					};
				};
			};
			buildConfigurationList = DA00D9FD235247B60016838B /* Build configuration list for PBXProject "WeatherApp" */;
			compatibilityVersion = "Xcode 9.3";
			developmentRegion = en;
			hasScannedForEncodings = 0;
			knownRegions = (
				en,
				Base,
			);
			mainGroup = DA00D9F9235247B60016838B;
			productRefGroup = DA00DA03235247B60016838B /* Products */;
			projectDirPath = "";
			projectRoot = "";
			targets = (
				DA00DA01235247B60016838B /* WeatherApp */,
				DA00DA17235247B70016838B /* WeatherAppTests */,
				DA00DA22235247B70016838B /* WeatherAppUITests */,
			);
		};
/* End PBXProject section */

/* Begin PBXResourcesBuildPhase section */
		DA00DA00235247B60016838B /* Resources */ = {
			isa = PBXResourcesBuildPhase;
			buildActionMask = 2147483647;
			files = (
				DA00DA12235247B70016838B /* LaunchScreen.storyboard in Resources */,
				DA00DA0F235247B70016838B /* Assets.xcassets in Resources */,
				DA00DA0D235247B60016838B /* Main.storyboard in Resources */,
			);
			runOnlyForDeploymentPostprocessing = 0;
		};
		DA00DA16235247B70016838B /* Resources */ = {
			isa = PBXResourcesBuildPhase;
			buildActionMask = 2147483647;
			files = (
			);
			runOnlyForDeploymentPostprocessing = 0;
		};
		DA00DA21235247B70016838B /* Resources */ = {
			isa = PBXResourcesBuildPhase;
			buildActionMask = 2147483647;
			files = (
			);
			runOnlyForDeploymentPostprocessing = 0;
		};
/* End PBXResourcesBuildPhase section */

/* Begin PBXSourcesBuildPhase section */
		DA00D9FE235247B60016838B /* Sources */ = {
			isa = PBXSourcesBuildPhase;
			buildActionMask = 2147483647;
			files = (
				DA00DA6B23529B430016838B /* NetworkConfiguration.swift in Sources */,
				DA00DA3A235272440016838B /* Observable.swift in Sources */,
				DA00DA69235299FF0016838B /* Network.swift in Sources */,
				DA00DA0A235247B60016838B /* ViewController.swift in Sources */,
				DAA9141C23534A9900752E08 /* Network+Alamofire.swift in Sources */,
				DA00DA06235247B60016838B /* AppDelegate.swift in Sources */,
				DAA91417235333EF00752E08 /* Logger.swift in Sources */,
				DA00DA08235247B60016838B /* SceneDelegate.swift in Sources */,
				DA00DA64235296C20016838B /* Endpoint.swift in Sources */,
				DA00DA6D2352A4EB0016838B /* NetworkService.swift in Sources */,
				DA00DA62235295530016838B /* NetworkInterfaces.swift in Sources */,
			);
			runOnlyForDeploymentPostprocessing = 0;
		};
		DA00DA14235247B70016838B /* Sources */ = {
			isa = PBXSourcesBuildPhase;
			buildActionMask = 2147483647;
			files = (
				DA00DA3D235272840016838B /* ObservableTests.swift in Sources */,
				DA00DA60235294200016838B /* ForecastServiceTests.swift in Sources */,
				DAA914192353426500752E08 /* NetworkTests.swift in Sources */,
				DA00DA1D235247B70016838B /* WeatherAppTests.swift in Sources */,
			);
			runOnlyForDeploymentPostprocessing = 0;
		};
		DA00DA1F235247B70016838B /* Sources */ = {
			isa = PBXSourcesBuildPhase;
			buildActionMask = 2147483647;
			files = (
				DA00DA28235247B70016838B /* WeatherAppUITests.swift in Sources */,
			);
			runOnlyForDeploymentPostprocessing = 0;
		};
/* End PBXSourcesBuildPhase section */

/* Begin PBXTargetDependency section */
		DA00DA1A235247B70016838B /* PBXTargetDependency */ = {
			isa = PBXTargetDependency;
			target = DA00DA01235247B60016838B /* WeatherApp */;
			targetProxy = DA00DA19235247B70016838B /* PBXContainerItemProxy */;
		};
		DA00DA25235247B70016838B /* PBXTargetDependency */ = {
			isa = PBXTargetDependency;
			target = DA00DA01235247B60016838B /* WeatherApp */;
			targetProxy = DA00DA24235247B70016838B /* PBXContainerItemProxy */;
		};
/* End PBXTargetDependency section */

/* Begin PBXVariantGroup section */
		DA00DA0B235247B60016838B /* Main.storyboard */ = {
			isa = PBXVariantGroup;
			children = (
				DA00DA0C235247B60016838B /* Base */,
			);
			name = Main.storyboard;
			sourceTree = "<group>";
		};
		DA00DA10235247B70016838B /* LaunchScreen.storyboard */ = {
			isa = PBXVariantGroup;
			children = (
				DA00DA11235247B70016838B /* Base */,
			);
			name = LaunchScreen.storyboard;
			sourceTree = "<group>";
		};
/* End PBXVariantGroup section */

/* Begin XCBuildConfiguration section */
		DA00DA2A235247B70016838B /* Debug */ = {
			isa = XCBuildConfiguration;
			buildSettings = {
				ALWAYS_SEARCH_USER_PATHS = NO;
				CLANG_ANALYZER_NONNULL = YES;
				CLANG_ANALYZER_NUMBER_OBJECT_CONVERSION = YES_AGGRESSIVE;
				CLANG_CXX_LANGUAGE_STANDARD = "gnu++14";
				CLANG_CXX_LIBRARY = "libc++";
				CLANG_ENABLE_MODULES = YES;
				CLANG_ENABLE_OBJC_ARC = YES;
				CLANG_ENABLE_OBJC_WEAK = YES;
				CLANG_WARN_BLOCK_CAPTURE_AUTORELEASING = YES;
				CLANG_WARN_BOOL_CONVERSION = YES;
				CLANG_WARN_COMMA = YES;
				CLANG_WARN_CONSTANT_CONVERSION = YES;
				CLANG_WARN_DEPRECATED_OBJC_IMPLEMENTATIONS = YES;
				CLANG_WARN_DIRECT_OBJC_ISA_USAGE = YES_ERROR;
				CLANG_WARN_DOCUMENTATION_COMMENTS = YES;
				CLANG_WARN_EMPTY_BODY = YES;
				CLANG_WARN_ENUM_CONVERSION = YES;
				CLANG_WARN_INFINITE_RECURSION = YES;
				CLANG_WARN_INT_CONVERSION = YES;
				CLANG_WARN_NON_LITERAL_NULL_CONVERSION = YES;
				CLANG_WARN_OBJC_IMPLICIT_RETAIN_SELF = YES;
				CLANG_WARN_OBJC_LITERAL_CONVERSION = YES;
				CLANG_WARN_OBJC_ROOT_CLASS = YES_ERROR;
				CLANG_WARN_RANGE_LOOP_ANALYSIS = YES;
				CLANG_WARN_STRICT_PROTOTYPES = YES;
				CLANG_WARN_SUSPICIOUS_MOVE = YES;
				CLANG_WARN_UNGUARDED_AVAILABILITY = YES_AGGRESSIVE;
				CLANG_WARN_UNREACHABLE_CODE = YES;
				CLANG_WARN__DUPLICATE_METHOD_MATCH = YES;
				COPY_PHASE_STRIP = NO;
				DEBUG_INFORMATION_FORMAT = dwarf;
				ENABLE_STRICT_OBJC_MSGSEND = YES;
				ENABLE_TESTABILITY = YES;
				GCC_C_LANGUAGE_STANDARD = gnu11;
				GCC_DYNAMIC_NO_PIC = NO;
				GCC_NO_COMMON_BLOCKS = YES;
				GCC_OPTIMIZATION_LEVEL = 0;
				GCC_PREPROCESSOR_DEFINITIONS = (
					"DEBUG=1",
					"$(inherited)",
				);
				GCC_WARN_64_TO_32_BIT_CONVERSION = YES;
				GCC_WARN_ABOUT_RETURN_TYPE = YES_ERROR;
				GCC_WARN_UNDECLARED_SELECTOR = YES;
				GCC_WARN_UNINITIALIZED_AUTOS = YES_AGGRESSIVE;
				GCC_WARN_UNUSED_FUNCTION = YES;
				GCC_WARN_UNUSED_VARIABLE = YES;
				IPHONEOS_DEPLOYMENT_TARGET = 13.1;
				MTL_ENABLE_DEBUG_INFO = INCLUDE_SOURCE;
				MTL_FAST_MATH = YES;
				ONLY_ACTIVE_ARCH = YES;
				SDKROOT = iphoneos;
				SWIFT_ACTIVE_COMPILATION_CONDITIONS = DEBUG;
				SWIFT_OPTIMIZATION_LEVEL = "-Onone";
			};
			name = Debug;
		};
		DA00DA2B235247B70016838B /* Release */ = {
			isa = XCBuildConfiguration;
			buildSettings = {
				ALWAYS_SEARCH_USER_PATHS = NO;
				CLANG_ANALYZER_NONNULL = YES;
				CLANG_ANALYZER_NUMBER_OBJECT_CONVERSION = YES_AGGRESSIVE;
				CLANG_CXX_LANGUAGE_STANDARD = "gnu++14";
				CLANG_CXX_LIBRARY = "libc++";
				CLANG_ENABLE_MODULES = YES;
				CLANG_ENABLE_OBJC_ARC = YES;
				CLANG_ENABLE_OBJC_WEAK = YES;
				CLANG_WARN_BLOCK_CAPTURE_AUTORELEASING = YES;
				CLANG_WARN_BOOL_CONVERSION = YES;
				CLANG_WARN_COMMA = YES;
				CLANG_WARN_CONSTANT_CONVERSION = YES;
				CLANG_WARN_DEPRECATED_OBJC_IMPLEMENTATIONS = YES;
				CLANG_WARN_DIRECT_OBJC_ISA_USAGE = YES_ERROR;
				CLANG_WARN_DOCUMENTATION_COMMENTS = YES;
				CLANG_WARN_EMPTY_BODY = YES;
				CLANG_WARN_ENUM_CONVERSION = YES;
				CLANG_WARN_INFINITE_RECURSION = YES;
				CLANG_WARN_INT_CONVERSION = YES;
				CLANG_WARN_NON_LITERAL_NULL_CONVERSION = YES;
				CLANG_WARN_OBJC_IMPLICIT_RETAIN_SELF = YES;
				CLANG_WARN_OBJC_LITERAL_CONVERSION = YES;
				CLANG_WARN_OBJC_ROOT_CLASS = YES_ERROR;
				CLANG_WARN_RANGE_LOOP_ANALYSIS = YES;
				CLANG_WARN_STRICT_PROTOTYPES = YES;
				CLANG_WARN_SUSPICIOUS_MOVE = YES;
				CLANG_WARN_UNGUARDED_AVAILABILITY = YES_AGGRESSIVE;
				CLANG_WARN_UNREACHABLE_CODE = YES;
				CLANG_WARN__DUPLICATE_METHOD_MATCH = YES;
				COPY_PHASE_STRIP = NO;
				DEBUG_INFORMATION_FORMAT = "dwarf-with-dsym";
				ENABLE_NS_ASSERTIONS = NO;
				ENABLE_STRICT_OBJC_MSGSEND = YES;
				GCC_C_LANGUAGE_STANDARD = gnu11;
				GCC_NO_COMMON_BLOCKS = YES;
				GCC_WARN_64_TO_32_BIT_CONVERSION = YES;
				GCC_WARN_ABOUT_RETURN_TYPE = YES_ERROR;
				GCC_WARN_UNDECLARED_SELECTOR = YES;
				GCC_WARN_UNINITIALIZED_AUTOS = YES_AGGRESSIVE;
				GCC_WARN_UNUSED_FUNCTION = YES;
				GCC_WARN_UNUSED_VARIABLE = YES;
				IPHONEOS_DEPLOYMENT_TARGET = 13.1;
				MTL_ENABLE_DEBUG_INFO = NO;
				MTL_FAST_MATH = YES;
				SDKROOT = iphoneos;
				SWIFT_COMPILATION_MODE = wholemodule;
				SWIFT_OPTIMIZATION_LEVEL = "-O";
				VALIDATE_PRODUCT = YES;
			};
			name = Release;
		};
		DA00DA2D235247B70016838B /* Debug */ = {
			isa = XCBuildConfiguration;
			buildSettings = {
				ASSETCATALOG_COMPILER_APPICON_NAME = AppIcon;
				CODE_SIGN_STYLE = Automatic;
				DEVELOPMENT_TEAM = TWPS85FDC4;
				INFOPLIST_FILE = WeatherApp/Resources/Info.plist;
				IPHONEOS_DEPLOYMENT_TARGET = 11.0;
				LD_RUNPATH_SEARCH_PATHS = (
					"$(inherited)",
					"@executable_path/Frameworks",
				);
				PRODUCT_BUNDLE_IDENTIFIER = com.ro42e0.WeatherApp;
				PRODUCT_NAME = "$(TARGET_NAME)";
				SWIFT_VERSION = 5.0;
				TARGETED_DEVICE_FAMILY = "1,2";
			};
			name = Debug;
		};
		DA00DA2E235247B70016838B /* Release */ = {
			isa = XCBuildConfiguration;
			buildSettings = {
				ASSETCATALOG_COMPILER_APPICON_NAME = AppIcon;
				CODE_SIGN_STYLE = Automatic;
				DEVELOPMENT_TEAM = TWPS85FDC4;
				INFOPLIST_FILE = WeatherApp/Resources/Info.plist;
				IPHONEOS_DEPLOYMENT_TARGET = 11.0;
				LD_RUNPATH_SEARCH_PATHS = (
					"$(inherited)",
					"@executable_path/Frameworks",
				);
				PRODUCT_BUNDLE_IDENTIFIER = com.ro42e0.WeatherApp;
				PRODUCT_NAME = "$(TARGET_NAME)";
				SWIFT_VERSION = 5.0;
				TARGETED_DEVICE_FAMILY = "1,2";
			};
			name = Release;
		};
		DA00DA30235247B70016838B /* Debug */ = {
			isa = XCBuildConfiguration;
			buildSettings = {
				ALWAYS_EMBED_SWIFT_STANDARD_LIBRARIES = YES;
				BUNDLE_LOADER = "$(TEST_HOST)";
				CODE_SIGN_STYLE = Automatic;
				DEVELOPMENT_TEAM = TWPS85FDC4;
				INFOPLIST_FILE = WeatherAppTests/Info.plist;
				IPHONEOS_DEPLOYMENT_TARGET = 13.1;
				LD_RUNPATH_SEARCH_PATHS = (
					"$(inherited)",
					"@executable_path/Frameworks",
					"@loader_path/Frameworks",
				);
				PRODUCT_BUNDLE_IDENTIFIER = com.ro42e0.WeatherAppTests;
				PRODUCT_NAME = "$(TARGET_NAME)";
				SWIFT_VERSION = 5.0;
				TARGETED_DEVICE_FAMILY = "1,2";
				TEST_HOST = "$(BUILT_PRODUCTS_DIR)/WeatherApp.app/WeatherApp";
			};
			name = Debug;
		};
		DA00DA31235247B70016838B /* Release */ = {
			isa = XCBuildConfiguration;
			buildSettings = {
				ALWAYS_EMBED_SWIFT_STANDARD_LIBRARIES = YES;
				BUNDLE_LOADER = "$(TEST_HOST)";
				CODE_SIGN_STYLE = Automatic;
				DEVELOPMENT_TEAM = TWPS85FDC4;
				INFOPLIST_FILE = WeatherAppTests/Info.plist;
				IPHONEOS_DEPLOYMENT_TARGET = 13.1;
				LD_RUNPATH_SEARCH_PATHS = (
					"$(inherited)",
					"@executable_path/Frameworks",
					"@loader_path/Frameworks",
				);
				PRODUCT_BUNDLE_IDENTIFIER = com.ro42e0.WeatherAppTests;
				PRODUCT_NAME = "$(TARGET_NAME)";
				SWIFT_VERSION = 5.0;
				TARGETED_DEVICE_FAMILY = "1,2";
				TEST_HOST = "$(BUILT_PRODUCTS_DIR)/WeatherApp.app/WeatherApp";
			};
			name = Release;
		};
		DA00DA33235247B70016838B /* Debug */ = {
			isa = XCBuildConfiguration;
			buildSettings = {
				ALWAYS_EMBED_SWIFT_STANDARD_LIBRARIES = YES;
				CODE_SIGN_STYLE = Automatic;
				DEVELOPMENT_TEAM = TWPS85FDC4;
				INFOPLIST_FILE = WeatherAppUITests/Info.plist;
				LD_RUNPATH_SEARCH_PATHS = (
					"$(inherited)",
					"@executable_path/Frameworks",
					"@loader_path/Frameworks",
				);
				PRODUCT_BUNDLE_IDENTIFIER = com.ro42e0.WeatherAppUITests;
				PRODUCT_NAME = "$(TARGET_NAME)";
				SWIFT_VERSION = 5.0;
				TARGETED_DEVICE_FAMILY = "1,2";
				TEST_TARGET_NAME = WeatherApp;
			};
			name = Debug;
		};
		DA00DA34235247B70016838B /* Release */ = {
			isa = XCBuildConfiguration;
			buildSettings = {
				ALWAYS_EMBED_SWIFT_STANDARD_LIBRARIES = YES;
				CODE_SIGN_STYLE = Automatic;
				DEVELOPMENT_TEAM = TWPS85FDC4;
				INFOPLIST_FILE = WeatherAppUITests/Info.plist;
				LD_RUNPATH_SEARCH_PATHS = (
					"$(inherited)",
					"@executable_path/Frameworks",
					"@loader_path/Frameworks",
				);
				PRODUCT_BUNDLE_IDENTIFIER = com.ro42e0.WeatherAppUITests;
				PRODUCT_NAME = "$(TARGET_NAME)";
				SWIFT_VERSION = 5.0;
				TARGETED_DEVICE_FAMILY = "1,2";
				TEST_TARGET_NAME = WeatherApp;
			};
			name = Release;
		};
/* End XCBuildConfiguration section */

/* Begin XCConfigurationList section */
		DA00D9FD235247B60016838B /* Build configuration list for PBXProject "WeatherApp" */ = {
			isa = XCConfigurationList;
			buildConfigurations = (
				DA00DA2A235247B70016838B /* Debug */,
				DA00DA2B235247B70016838B /* Release */,
			);
			defaultConfigurationIsVisible = 0;
			defaultConfigurationName = Release;
		};
		DA00DA2C235247B70016838B /* Build configuration list for PBXNativeTarget "WeatherApp" */ = {
			isa = XCConfigurationList;
			buildConfigurations = (
				DA00DA2D235247B70016838B /* Debug */,
				DA00DA2E235247B70016838B /* Release */,
			);
			defaultConfigurationIsVisible = 0;
			defaultConfigurationName = Release;
		};
		DA00DA2F235247B70016838B /* Build configuration list for PBXNativeTarget "WeatherAppTests" */ = {
			isa = XCConfigurationList;
			buildConfigurations = (
				DA00DA30235247B70016838B /* Debug */,
				DA00DA31235247B70016838B /* Release */,
			);
			defaultConfigurationIsVisible = 0;
			defaultConfigurationName = Release;
		};
		DA00DA32235247B70016838B /* Build configuration list for PBXNativeTarget "WeatherAppUITests" */ = {
			isa = XCConfigurationList;
			buildConfigurations = (
				DA00DA33235247B70016838B /* Debug */,
				DA00DA34235247B70016838B /* Release */,
			);
			defaultConfigurationIsVisible = 0;
			defaultConfigurationName = Release;
		};
/* End XCConfigurationList section */
	};
	rootObject = DA00D9FA235247B60016838B /* Project object */;
}
